{
  "name": "nodejs_w3school",
  "version": "1.0.0",
  "lockfileVersion": 2,
  "requires": true,
  "packages": {
    "": {
      "name": "nodejs_w3school",
      "version": "1.0.0",
      "license": "ISC",
      "dependencies": {
        "0": "^0.0.0"
      }
    },
    "node_modules/0": {
      "version": "0.0.0",
      "resolved": "https://registry.npmjs.org/0/-/0-0.0.0.tgz",
      "integrity": "sha1-vqussKCZwd0hXq7BW7IBMY233mo="
    }
  },
  "dependencies": {
    "0": {
      "version": "0.0.0",
      "resolved": "https://registry.npmjs.org/0/-/0-0.0.0.tgz",
      "integrity": "sha1-vqussKCZwd0hXq7BW7IBMY233mo="
    }
  }
}
